<?xml version="1.0" encoding="utf-8"?>
<Project ToolsVersion="4.0" xmlns="http://schemas.microsoft.com/developer/msbuild/2003">
  <ItemGroup>
    <Filter Include="Source Files">
      <UniqueIdentifier>{4FC737F1-C7A5-4376-A066-2A32D752A2FF}</UniqueIdentifier>
      <Extensions>cpp;c;cc;cxx;def;odl;idl;hpj;bat;asm;asmx</Extensions>
    </Filter>
    <Filter Include="Header Files">
      <UniqueIdentifier>{93995380-89BD-4b04-88EB-625FBE52EBFB}</UniqueIdentifier>
      <Extensions>h;hh;hpp;hxx;hm;inl;inc;ipp;xsd</Extensions>
    </Filter>
    <Filter Include="Resource Files">
      <UniqueIdentifier>{67DA6AB6-F800-4c08-8B7A-83BB121AAD01}</UniqueIdentifier>
      <Extensions>rc;ico;cur;bmp;dlg;rc2;rct;bin;rgs;gif;jpg;jpeg;jpe;resx;tiff;tif;png;wav;mfcribbon-ms</Extensions>
    </Filter>
  </ItemGroup>
  <ItemGroup>
    <ClCompile Include="Rocket-GUI-Main.cpp">
      <Filter>Source Files</Filter>
    </ClCompile>
    <ClCompile Include="obj_loader.cpp">
      <Filter>Source Files</Filter>
    </ClCompile>
    <ClCompile Include="TelemParser.cpp">
      <Filter>Source Files</Filter>
    </ClCompile>
    <ClCompile Include="TelemString.cpp">
      <Filter>Source Files</Filter>
    </ClCompile>
    <ClCompile Include="TelemStringTypes\TelemGPS.cpp">
      <Filter>Source Files</Filter>
    </ClCompile>
    <ClCompile Include="TelemStringTypes\TelemKalmanVoltage.cpp">
      <Filter>Source Files</Filter>
    </ClCompile>
    <ClCompile Include="TelemStringTypes\TelemSensorData.cpp">
      <Filter>Source Files</Filter>
    </ClCompile>
  </ItemGroup>
  <ItemGroup>
    <None Include="GaugeVertex.glsl">
      <Filter>Resource Files</Filter>
    </None>
    <None Include="GaugeFragment.glsl">
      <Filter>Resource Files</Filter>
    </None>
    <None Include="DialVertex.glsl">
      <Filter>Resource Files</Filter>
    </None>
    <None Include="DialFragment.glsl">
      <Filter>Resource Files</Filter>
    </None>
    <None Include="TextVertex.glsl">
      <Filter>Resource Files</Filter>
    </None>
    <None Include="TextFragment.glsl">
      <Filter>Resource Files</Filter>
    </None>
  </ItemGroup>
  <ItemGroup>
    <ClInclude Include="Shader.h">
      <Filter>Header Files</Filter>
    </ClInclude>
    <ClInclude Include="Texture.h">
      <Filter>Header Files</Filter>
    </ClInclude>
    <ClInclude Include="Material.h">
      <Filter>Header Files</Filter>
    </ClInclude>
    <ClInclude Include="Vertex.h">
      <Filter>Header Files</Filter>
    </ClInclude>
    <ClInclude Include="Mesh.h">
      <Filter>Header Files</Filter>
    </ClInclude>
    <ClInclude Include="Primitive.h">
      <Filter>Header Files</Filter>
    </ClInclude>
    <ClInclude Include="GUI.h">
      <Filter>Header Files</Filter>
    </ClInclude>
    <ClInclude Include="obj_loader.h">
      <Filter>Header Files</Filter>
    </ClInclude>
    <ClInclude Include="Gauge.h">
      <Filter>Header Files</Filter>
    </ClInclude>
    <ClInclude Include="Booster.h">
      <Filter>Header Files</Filter>
    </ClInclude>
    <ClInclude Include="Sustainer.h">
      <Filter>Header Files</Filter>
    </ClInclude>
    <ClInclude Include="Readout.h">
      <Filter>Header Files</Filter>
    </ClInclude>
    <ClInclude Include="TelemParser.h">
      <Filter>Header Files</Filter>
    </ClInclude>
    <ClInclude Include="TelemString.h">
      <Filter>Header Files</Filter>
    </ClInclude>
    <ClInclude Include="TelemStringTypes\TelemGPS.h">
      <Filter>Header Files</Filter>
    </ClInclude>
    <ClInclude Include="TelemStringTypes\TelemKalmanVoltage.h">
      <Filter>Header Files</Filter>
    </ClInclude>
    <ClInclude Include="TelemStringTypes\TelemSensorData.h">
      <Filter>Header Files</Filter>
    </ClInclude>
  </ItemGroup>
</Project>